
Microsoft Visual Studio Solution File, Format Version 12.00
# Visual Studio Version 17
VisualStudioVersion = 17.9.34701.34
MinimumVisualStudioVersion = 10.0.40219.1
Project("{9A19103F-16F7-4668-BE54-9A1E7A4F7556}") = "aps-sdk-authentication-sample", "aps-sdk-authentication-sample.csproj", "{7D6D2E7D-3378-4CA8-890B-EBC58625556B}"
EndProject
Global
	GlobalSection(SolutionConfigurationPlatforms) = preSolution
		Debug|Any CPU = Debug|Any CPU
		Release|Any CPU = Release|Any CPU
	EndGlobalSection
	GlobalSection(ProjectConfigurationPlatforms) = postSolution
		{7D6D2E7D-3378-4CA8-890B-EBC58625556B}.Debug|Any CPU.ActiveCfg = Debug|Any CPU
		{7D6D2E7D-3378-4CA8-890B-EBC58625556B}.Debug|Any CPU.Build.0 = Debug|Any CPU
		{7D6D2E7D-3378-4CA8-890B-EBC58625556B}.Release|Any CPU.ActiveCfg = Release|Any CPU
		{7D6D2E7D-3378-4CA8-890B-EBC58625556B}.Release|Any CPU.Build.0 = Release|Any CPU
	EndGlobalSection
	GlobalSection(SolutionProperties) = preSolution
		HideSolutionNode = FALSE
	EndGlobalSection
	GlobalSection(ExtensibilityGlobals) = postSolution
		SolutionGuid = {FA3206F7-737C-490C-B5F4-AB3101EE7B95}
	EndGlobalSection
EndGlobal
